
Microsoft Visual Studio Solution File, Format Version 12.00
# Visual Studio 2013
VisualStudioVersion = 12.0.21005.1
MinimumVisualStudioVersion = 10.0.40219.1
Project("{2150E333-8FDC-42A3-9474-1A3956D46DE8}") = "01_HelloWorld", "01_HelloWorld", "{B4828A5A-BF41-4966-9667-392BADD89EBA}"
EndProject
Project("{2150E333-8FDC-42A3-9474-1A3956D46DE8}") = "02_WorkQueues", "02_WorkQueues", "{BF49AFBD-6776-462F-829C-8B796712F16C}"
EndProject
Project("{FAE04EC0-301F-11D3-BF4B-00C04F79EFBC}") = "02_Server", "02_WorkQueues\02_Server\02_Server.csproj", "{A0145B05-CA91-40F3-B8BE-F7DFB7BB626D}"
EndProject
Project("{FAE04EC0-301F-11D3-BF4B-00C04F79EFBC}") = "02_Client", "02_WorkQueues\02_Client\02_Client.csproj", "{9D2A4257-5354-42C4-B8ED-3968E691B85C}"
EndProject
Project("{2150E333-8FDC-42A3-9474-1A3956D46DE8}") = "03_Publish_Subscribe", "03_Publish_Subscribe", "{73099064-BA25-4160-85DA-F7F5D4FDAD0D}"
EndProject
Project("{FAE04EC0-301F-11D3-BF4B-00C04F79EFBC}") = "01_Server", "01_HelloWorld\Server\01_Server.csproj", "{CD9A61CB-F7D1-47A1-A184-99CA8F84BF37}"
EndProject
Project("{FAE04EC0-301F-11D3-BF4B-00C04F79EFBC}") = "01_Client", "01_HelloWorld\Client\01_Client.csproj", "{027CACFA-556B-47C9-ADBE-6CB9875336B4}"
EndProject
Project("{FAE04EC0-301F-11D3-BF4B-00C04F79EFBC}") = "03_Server", "03_Publish_Subscribe\03_Server\03_Server.csproj", "{B75F46C9-46AF-4FD0-B9C3-6991465F3ADF}"
EndProject
Project("{FAE04EC0-301F-11D3-BF4B-00C04F79EFBC}") = "03_Client", "03_Publish_Subscribe\03_Client\03_Client.csproj", "{5A8C90AA-2D87-461A-864F-A75CE8CBDF3F}"
EndProject
Project("{2150E333-8FDC-42A3-9474-1A3956D46DE8}") = "04_Routing", "04_Routing", "{3EB08123-2B1E-4A7E-80AE-859EB4325570}"
EndProject
Project("{2150E333-8FDC-42A3-9474-1A3956D46DE8}") = "05_Topics", "05_Topics", "{BB469F6A-07A5-4621-9938-52221583CBD3}"
EndProject
Project("{2150E333-8FDC-42A3-9474-1A3956D46DE8}") = "06_RPC", "06_RPC", "{EA334025-22D1-4649-8088-58C7867EBAAA}"
EndProject
Project("{FAE04EC0-301F-11D3-BF4B-00C04F79EFBC}") = "04_Client", "04_Routing\04_Client\04_Client.csproj", "{69DCD8D8-ACF2-4C33-B4AE-E97EFC7BCD41}"
EndProject
Project("{FAE04EC0-301F-11D3-BF4B-00C04F79EFBC}") = "04_Server", "04_Routing\04_Server\04_Server.csproj", "{D2CF047B-4F56-4AF0-B08C-23589E16D775}"
EndProject
Project("{FAE04EC0-301F-11D3-BF4B-00C04F79EFBC}") = "05_Server", "05_Topics\05_Server\05_Server.csproj", "{748A5522-DE35-44E2-81DA-1AB1B37BB359}"
EndProject
Project("{FAE04EC0-301F-11D3-BF4B-00C04F79EFBC}") = "05_Client", "05_Topics\05_Client\05_Client.csproj", "{9CC7205A-7775-4FA2-9603-1AEE610D7292}"
EndProject
Project("{FAE04EC0-301F-11D3-BF4B-00C04F79EFBC}") = "06_Server", "06_RPC\06_Server\06_Server.csproj", "{2D994630-D706-493A-98CE-8D11A5CD7B51}"
EndProject
Project("{FAE04EC0-301F-11D3-BF4B-00C04F79EFBC}") = "06_Client", "06_RPC\06_Client\06_Client.csproj", "{461CB592-9076-4F5B-889E-516EFDEC0843}"
EndProject
Project("{2150E333-8FDC-42A3-9474-1A3956D46DE8}") = "10_Doc", "10_Doc", "{5280885C-F5D4-4586-9161-EE48BA1FD16B}"
	ProjectSection(SolutionItems) = preProject
		说明.txt = 说明.txt
	EndProjectSection
EndProject
Project("{2150E333-8FDC-42A3-9474-1A3956D46DE8}") = "07_ComplexData", "07_ComplexData", "{B26C8346-27FD-4949-A5EC-0F6240CC6DE0}"
EndProject
Project("{FAE04EC0-301F-11D3-BF4B-00C04F79EFBC}") = "07_Server", "07_ComplexData\07_Server\07_Server.csproj", "{A8FDD723-0B72-4BC3-854C-33D80F552FE5}"
EndProject
Project("{FAE04EC0-301F-11D3-BF4B-00C04F79EFBC}") = "07_Client", "07_ComplexData\07_Client\07_Client.csproj", "{452D51BB-9EA3-4CD8-9153-1340E2825899}"
EndProject
Project("{FAE04EC0-301F-11D3-BF4B-00C04F79EFBC}") = "07_Model", "07_ComplexData\07_Model\07_Model.csproj", "{9249570F-FF83-43D3-BD37-E3C4CDA17C04}"
EndProject
Project("{2150E333-8FDC-42A3-9474-1A3956D46DE8}") = "08_RestAPI", "08_RestAPI", "{033A61AA-7757-43DE-93F5-79D1339D5DF9}"
EndProject
Project("{FAE04EC0-301F-11D3-BF4B-00C04F79EFBC}") = "08_Client", "08_RestAPI\08_Client\08_Client.csproj", "{C04465EA-1BF8-4301-819E-936F84B298B9}"
EndProject
Project("{2150E333-8FDC-42A3-9474-1A3956D46DE8}") = "09_Third", "09_Third", "{97C48901-EA47-4C87-BFF6-BBB20A3019E1}"
EndProject
Project("{FAE04EC0-301F-11D3-BF4B-00C04F79EFBC}") = "09_EasyNetQ_Server", "09_Third\09_EasyNetQ_Server\09_EasyNetQ_Server.csproj", "{D27B5F0E-0DA6-4C81-8905-AC59792BEEA1}"
EndProject
Project("{FAE04EC0-301F-11D3-BF4B-00C04F79EFBC}") = "09_EasyNetQ_Client", "09_Third\09_EasyNetQ_Client\09_EasyNetQ_Client.csproj", "{D21BFBA3-DDB3-41C1-A497-116A52D9C511}"
EndProject
Project("{FAE04EC0-301F-11D3-BF4B-00C04F79EFBC}") = "09_EasyNetQ_Message", "09_Third\09_EasyNetQ_Message\09_EasyNetQ_Message.csproj", "{609B82CF-DF03-4EC2-B832-216FD3CE2D01}"
EndProject
Global
	GlobalSection(SolutionConfigurationPlatforms) = preSolution
		Debug|Any CPU = Debug|Any CPU
		Release|Any CPU = Release|Any CPU
	EndGlobalSection
	GlobalSection(ProjectConfigurationPlatforms) = postSolution
		{A0145B05-CA91-40F3-B8BE-F7DFB7BB626D}.Debug|Any CPU.ActiveCfg = Debug|Any CPU
		{A0145B05-CA91-40F3-B8BE-F7DFB7BB626D}.Debug|Any CPU.Build.0 = Debug|Any CPU
		{A0145B05-CA91-40F3-B8BE-F7DFB7BB626D}.Release|Any CPU.ActiveCfg = Release|Any CPU
		{A0145B05-CA91-40F3-B8BE-F7DFB7BB626D}.Release|Any CPU.Build.0 = Release|Any CPU
		{9D2A4257-5354-42C4-B8ED-3968E691B85C}.Debug|Any CPU.ActiveCfg = Debug|Any CPU
		{9D2A4257-5354-42C4-B8ED-3968E691B85C}.Debug|Any CPU.Build.0 = Debug|Any CPU
		{9D2A4257-5354-42C4-B8ED-3968E691B85C}.Release|Any CPU.ActiveCfg = Release|Any CPU
		{9D2A4257-5354-42C4-B8ED-3968E691B85C}.Release|Any CPU.Build.0 = Release|Any CPU
		{CD9A61CB-F7D1-47A1-A184-99CA8F84BF37}.Debug|Any CPU.ActiveCfg = Debug|Any CPU
		{CD9A61CB-F7D1-47A1-A184-99CA8F84BF37}.Debug|Any CPU.Build.0 = Debug|Any CPU
		{CD9A61CB-F7D1-47A1-A184-99CA8F84BF37}.Release|Any CPU.ActiveCfg = Release|Any CPU
		{CD9A61CB-F7D1-47A1-A184-99CA8F84BF37}.Release|Any CPU.Build.0 = Release|Any CPU
		{027CACFA-556B-47C9-ADBE-6CB9875336B4}.Debug|Any CPU.ActiveCfg = Debug|Any CPU
		{027CACFA-556B-47C9-ADBE-6CB9875336B4}.Debug|Any CPU.Build.0 = Debug|Any CPU
		{027CACFA-556B-47C9-ADBE-6CB9875336B4}.Release|Any CPU.ActiveCfg = Release|Any CPU
		{027CACFA-556B-47C9-ADBE-6CB9875336B4}.Release|Any CPU.Build.0 = Release|Any CPU
		{B75F46C9-46AF-4FD0-B9C3-6991465F3ADF}.Debug|Any CPU.ActiveCfg = Debug|Any CPU
		{B75F46C9-46AF-4FD0-B9C3-6991465F3ADF}.Debug|Any CPU.Build.0 = Debug|Any CPU
		{B75F46C9-46AF-4FD0-B9C3-6991465F3ADF}.Release|Any CPU.ActiveCfg = Release|Any CPU
		{B75F46C9-46AF-4FD0-B9C3-6991465F3ADF}.Release|Any CPU.Build.0 = Release|Any CPU
		{5A8C90AA-2D87-461A-864F-A75CE8CBDF3F}.Debug|Any CPU.ActiveCfg = Debug|Any CPU
		{5A8C90AA-2D87-461A-864F-A75CE8CBDF3F}.Debug|Any CPU.Build.0 = Debug|Any CPU
		{5A8C90AA-2D87-461A-864F-A75CE8CBDF3F}.Release|Any CPU.ActiveCfg = Release|Any CPU
		{5A8C90AA-2D87-461A-864F-A75CE8CBDF3F}.Release|Any CPU.Build.0 = Release|Any CPU
		{69DCD8D8-ACF2-4C33-B4AE-E97EFC7BCD41}.Debug|Any CPU.ActiveCfg = Debug|Any CPU
		{69DCD8D8-ACF2-4C33-B4AE-E97EFC7BCD41}.Debug|Any CPU.Build.0 = Debug|Any CPU
		{69DCD8D8-ACF2-4C33-B4AE-E97EFC7BCD41}.Release|Any CPU.ActiveCfg = Release|Any CPU
		{69DCD8D8-ACF2-4C33-B4AE-E97EFC7BCD41}.Release|Any CPU.Build.0 = Release|Any CPU
		{D2CF047B-4F56-4AF0-B08C-23589E16D775}.Debug|Any CPU.ActiveCfg = Debug|Any CPU
		{D2CF047B-4F56-4AF0-B08C-23589E16D775}.Debug|Any CPU.Build.0 = Debug|Any CPU
		{D2CF047B-4F56-4AF0-B08C-23589E16D775}.Release|Any CPU.ActiveCfg = Release|Any CPU
		{D2CF047B-4F56-4AF0-B08C-23589E16D775}.Release|Any CPU.Build.0 = Release|Any CPU
		{748A5522-DE35-44E2-81DA-1AB1B37BB359}.Debug|Any CPU.ActiveCfg = Debug|Any CPU
		{748A5522-DE35-44E2-81DA-1AB1B37BB359}.Debug|Any CPU.Build.0 = Debug|Any CPU
		{748A5522-DE35-44E2-81DA-1AB1B37BB359}.Release|Any CPU.ActiveCfg = Release|Any CPU
		{748A5522-DE35-44E2-81DA-1AB1B37BB359}.Release|Any CPU.Build.0 = Release|Any CPU
		{9CC7205A-7775-4FA2-9603-1AEE610D7292}.Debug|Any CPU.ActiveCfg = Debug|Any CPU
		{9CC7205A-7775-4FA2-9603-1AEE610D7292}.Debug|Any CPU.Build.0 = Debug|Any CPU
		{9CC7205A-7775-4FA2-9603-1AEE610D7292}.Release|Any CPU.ActiveCfg = Release|Any CPU
		{9CC7205A-7775-4FA2-9603-1AEE610D7292}.Release|Any CPU.Build.0 = Release|Any CPU
		{2D994630-D706-493A-98CE-8D11A5CD7B51}.Debug|Any CPU.ActiveCfg = Debug|Any CPU
		{2D994630-D706-493A-98CE-8D11A5CD7B51}.Debug|Any CPU.Build.0 = Debug|Any CPU
		{2D994630-D706-493A-98CE-8D11A5CD7B51}.Release|Any CPU.ActiveCfg = Release|Any CPU
		{2D994630-D706-493A-98CE-8D11A5CD7B51}.Release|Any CPU.Build.0 = Release|Any CPU
		{461CB592-9076-4F5B-889E-516EFDEC0843}.Debug|Any CPU.ActiveCfg = Debug|Any CPU
		{461CB592-9076-4F5B-889E-516EFDEC0843}.Debug|Any CPU.Build.0 = Debug|Any CPU
		{461CB592-9076-4F5B-889E-516EFDEC0843}.Release|Any CPU.ActiveCfg = Release|Any CPU
		{461CB592-9076-4F5B-889E-516EFDEC0843}.Release|Any CPU.Build.0 = Release|Any CPU
		{A8FDD723-0B72-4BC3-854C-33D80F552FE5}.Debug|Any CPU.ActiveCfg = Debug|Any CPU
		{A8FDD723-0B72-4BC3-854C-33D80F552FE5}.Debug|Any CPU.Build.0 = Debug|Any CPU
		{A8FDD723-0B72-4BC3-854C-33D80F552FE5}.Release|Any CPU.ActiveCfg = Release|Any CPU
		{A8FDD723-0B72-4BC3-854C-33D80F552FE5}.Release|Any CPU.Build.0 = Release|Any CPU
		{452D51BB-9EA3-4CD8-9153-1340E2825899}.Debug|Any CPU.ActiveCfg = Debug|Any CPU
		{452D51BB-9EA3-4CD8-9153-1340E2825899}.Debug|Any CPU.Build.0 = Debug|Any CPU
		{452D51BB-9EA3-4CD8-9153-1340E2825899}.Release|Any CPU.ActiveCfg = Release|Any CPU
		{452D51BB-9EA3-4CD8-9153-1340E2825899}.Release|Any CPU.Build.0 = Release|Any CPU
		{9249570F-FF83-43D3-BD37-E3C4CDA17C04}.Debug|Any CPU.ActiveCfg = Debug|Any CPU
		{9249570F-FF83-43D3-BD37-E3C4CDA17C04}.Debug|Any CPU.Build.0 = Debug|Any CPU
		{9249570F-FF83-43D3-BD37-E3C4CDA17C04}.Release|Any CPU.ActiveCfg = Release|Any CPU
		{9249570F-FF83-43D3-BD37-E3C4CDA17C04}.Release|Any CPU.Build.0 = Release|Any CPU
		{C04465EA-1BF8-4301-819E-936F84B298B9}.Debug|Any CPU.ActiveCfg = Debug|Any CPU
		{C04465EA-1BF8-4301-819E-936F84B298B9}.Debug|Any CPU.Build.0 = Debug|Any CPU
		{C04465EA-1BF8-4301-819E-936F84B298B9}.Release|Any CPU.ActiveCfg = Release|Any CPU
		{C04465EA-1BF8-4301-819E-936F84B298B9}.Release|Any CPU.Build.0 = Release|Any CPU
		{D27B5F0E-0DA6-4C81-8905-AC59792BEEA1}.Debug|Any CPU.ActiveCfg = Debug|Any CPU
		{D27B5F0E-0DA6-4C81-8905-AC59792BEEA1}.Debug|Any CPU.Build.0 = Debug|Any CPU
		{D27B5F0E-0DA6-4C81-8905-AC59792BEEA1}.Release|Any CPU.ActiveCfg = Release|Any CPU
		{D27B5F0E-0DA6-4C81-8905-AC59792BEEA1}.Release|Any CPU.Build.0 = Release|Any CPU
		{D21BFBA3-DDB3-41C1-A497-116A52D9C511}.Debug|Any CPU.ActiveCfg = Debug|Any CPU
		{D21BFBA3-DDB3-41C1-A497-116A52D9C511}.Debug|Any CPU.Build.0 = Debug|Any CPU
		{D21BFBA3-DDB3-41C1-A497-116A52D9C511}.Release|Any CPU.ActiveCfg = Release|Any CPU
		{D21BFBA3-DDB3-41C1-A497-116A52D9C511}.Release|Any CPU.Build.0 = Release|Any CPU
		{609B82CF-DF03-4EC2-B832-216FD3CE2D01}.Debug|Any CPU.ActiveCfg = Debug|Any CPU
		{609B82CF-DF03-4EC2-B832-216FD3CE2D01}.Debug|Any CPU.Build.0 = Debug|Any CPU
		{609B82CF-DF03-4EC2-B832-216FD3CE2D01}.Release|Any CPU.ActiveCfg = Release|Any CPU
		{609B82CF-DF03-4EC2-B832-216FD3CE2D01}.Release|Any CPU.Build.0 = Release|Any CPU
	EndGlobalSection
	GlobalSection(SolutionProperties) = preSolution
		HideSolutionNode = FALSE
	EndGlobalSection
	GlobalSection(NestedProjects) = preSolution
		{CD9A61CB-F7D1-47A1-A184-99CA8F84BF37} = {B4828A5A-BF41-4966-9667-392BADD89EBA}
		{027CACFA-556B-47C9-ADBE-6CB9875336B4} = {B4828A5A-BF41-4966-9667-392BADD89EBA}
		{A0145B05-CA91-40F3-B8BE-F7DFB7BB626D} = {BF49AFBD-6776-462F-829C-8B796712F16C}
		{9D2A4257-5354-42C4-B8ED-3968E691B85C} = {BF49AFBD-6776-462F-829C-8B796712F16C}
		{B75F46C9-46AF-4FD0-B9C3-6991465F3ADF} = {73099064-BA25-4160-85DA-F7F5D4FDAD0D}
		{5A8C90AA-2D87-461A-864F-A75CE8CBDF3F} = {73099064-BA25-4160-85DA-F7F5D4FDAD0D}
		{69DCD8D8-ACF2-4C33-B4AE-E97EFC7BCD41} = {3EB08123-2B1E-4A7E-80AE-859EB4325570}
		{D2CF047B-4F56-4AF0-B08C-23589E16D775} = {3EB08123-2B1E-4A7E-80AE-859EB4325570}
		{748A5522-DE35-44E2-81DA-1AB1B37BB359} = {BB469F6A-07A5-4621-9938-52221583CBD3}
		{9CC7205A-7775-4FA2-9603-1AEE610D7292} = {BB469F6A-07A5-4621-9938-52221583CBD3}
		{2D994630-D706-493A-98CE-8D11A5CD7B51} = {EA334025-22D1-4649-8088-58C7867EBAAA}
		{461CB592-9076-4F5B-889E-516EFDEC0843} = {EA334025-22D1-4649-8088-58C7867EBAAA}
		{A8FDD723-0B72-4BC3-854C-33D80F552FE5} = {B26C8346-27FD-4949-A5EC-0F6240CC6DE0}
		{452D51BB-9EA3-4CD8-9153-1340E2825899} = {B26C8346-27FD-4949-A5EC-0F6240CC6DE0}
		{9249570F-FF83-43D3-BD37-E3C4CDA17C04} = {B26C8346-27FD-4949-A5EC-0F6240CC6DE0}
		{C04465EA-1BF8-4301-819E-936F84B298B9} = {033A61AA-7757-43DE-93F5-79D1339D5DF9}
		{D27B5F0E-0DA6-4C81-8905-AC59792BEEA1} = {97C48901-EA47-4C87-BFF6-BBB20A3019E1}
		{D21BFBA3-DDB3-41C1-A497-116A52D9C511} = {97C48901-EA47-4C87-BFF6-BBB20A3019E1}
		{609B82CF-DF03-4EC2-B832-216FD3CE2D01} = {97C48901-EA47-4C87-BFF6-BBB20A3019E1}
	EndGlobalSection
EndGlobal
